PODS:
  - FBSnapshotTestCase (2.1.2):
    - FBSnapshotTestCase/SwiftSupport (= 2.1.2)
  - FBSnapshotTestCase/Core (2.1.2)
  - FBSnapshotTestCase/SwiftSupport (2.1.2):
    - FBSnapshotTestCase/Core
  - formAutoheightCell (0.1.0)
  - Nimble (3.2.0)
  - Nimble-Snapshots (4.1.0):
    - FBSnapshotTestCase (~> 2.0)
    - Nimble
    - Quick
  - Quick (0.9.3)

DEPENDENCIES:
  - FBSnapshotTestCase
  - formAutoheightCell (from `../`)
  - Nimble (~> 3.0)
  - Nimble-Snapshots
  - Quick (~> 0.8)

EXTERNAL SOURCES:
  formAutoheightCell:
    :path: "../"

SPEC CHECKSUMS:
  FBSnapshotTestCase: 918c55861356ee83aee7843d759f55a18ff6982b
  formAutoheightCell: b7a61b2ee23d3b3a5cf8b36699effb4a949419b8
  Nimble: 703854335d181df169bbca9c97117b5cf8c47c1d
  Nimble-Snapshots: 2da4d2ec829b458d6886c06812c52493fce284c9
  Quick: 13a2a2b19a5d8e3ed4fd0c36ee46597fd77ebf71

PODFILE CHECKSUM: 86a46ef49a7fb4480157445f7ec56e98fca49616

COCOAPODS: 1.0.0
